{
  "name": "c3",
  "version": "1.0.0",
  "lockfileVersion": 2,
  "requires": true,
  "packages": {
    "": {
      "name": "c3",
      "version": "1.0.0",
      "dependencies": {
        "d3-array": "^3.2.1",
        "d3-color": "^3.1.0"
      }
    },
    "node_modules/d3-array": {
      "version": "3.2.1",
      "resolved": "https://registry.npmjs.org/d3-array/-/d3-array-3.2.1.tgz",
      "integrity": "sha512-gUY/qeHq/yNqqoCKNq4vtpFLdoCdvyNpWoC/KNjhGbhDuQpAM9sIQQKkXSNpXa9h5KySs/gzm7R88WkUutgwWQ==",
      "dependencies": {
        "internmap": "1 - 2"
      },
      "engines": {
        "node": ">=12"
      }
    },
    "node_modules/d3-color": {
      "version": "3.1.0",
      "resolved": "https://registry.npmjs.org/d3-color/-/d3-color-3.1.0.tgz",
      "integrity": "sha512-zg/chbXyeBtMQ1LbD/WSoW2DpC3I0mpmPdW+ynRTj/x2DAWYrIY7qeZIHidozwV24m4iavr15lNwIwLxRmOxhA==",
      "engines": {
        "node": ">=12"
      }
    },
    "node_modules/internmap": {
      "version": "2.0.3",
      "resolved": "https://registry.npmjs.org/internmap/-/internmap-2.0.3.tgz",
      "integrity": "sha512-5Hh7Y1wQbvY5ooGgPbDaL5iYLAPzMTUrjMulskHLH6wnv/A+1q5rgEaiuqEjB+oxGXIVZs1FF+R/KPN3ZSQYYg==",
      "engines": {
        "node": ">=12"
      }
    }
  },
  "dependencies": {
    "d3-array": {
      "version": "3.2.1",
      "resolved": "https://registry.npmjs.org/d3-array/-/d3-array-3.2.1.tgz",
      "integrity": "sha512-gUY/qeHq/yNqqoCKNq4vtpFLdoCdvyNpWoC/KNjhGbhDuQpAM9sIQQKkXSNpXa9h5KySs/gzm7R88WkUutgwWQ==",
      "requires": {
        "internmap": "1 - 2"
      }
    },
    "d3-color": {
      "version": "3.1.0",
      "resolved": "https://registry.npmjs.org/d3-color/-/d3-color-3.1.0.tgz",
      "integrity": "sha512-zg/chbXyeBtMQ1LbD/WSoW2DpC3I0mpmPdW+ynRTj/x2DAWYrIY7qeZIHidozwV24m4iavr15lNwIwLxRmOxhA=="
    },
    "internmap": {
      "version": "2.0.3",
      "resolved": "https://registry.npmjs.org/internmap/-/internmap-2.0.3.tgz",
      "integrity": "sha512-5Hh7Y1wQbvY5ooGgPbDaL5iYLAPzMTUrjMulskHLH6wnv/A+1q5rgEaiuqEjB+oxGXIVZs1FF+R/KPN3ZSQYYg=="
    }
  }
}
